{
  "version": 4,
  "terraform_version": "1.8.4",
  "serial": 9,
  "lineage": "180364ec-6df7-6349-4974-65100fc716ad",
  "outputs": {},
  "resources": [
    {
      "module": "module.head",
      "mode": "data",
      "type": "template_file",
      "name": "network_config",
      "provider": "provider[\"registry.terraform.io/hashicorp/template\"]",
      "instances": [
        {
          "schema_version": 0,
          "attributes": {
            "filename": null,
            "id": "49f4e650efd376e5b5d4fbc58736bb69b5e58cdd7c6f0e5af43a0cdb88e60d83",
            "rendered": "network:\n  version: 2\n  ethernets:\n    ens3:\n      dhcp4: false\n      addresses:\n        - 192.168.101.10/24\n      gateway4: 192.168.101.1\n      nameservers:\n        addresses:\n          - 8.8.8.8\n          - 8.8.4.4\n",
            "template": "network:\n  version: 2\n  ethernets:\n    ens3:\n      dhcp4: false\n      addresses:\n        - ${ip_address}/24\n      gateway4: ${gateway}\n      nameservers:\n        addresses:\n          - 8.8.8.8\n          - 8.8.4.4\n",
            "vars": {
              "gateway": "192.168.101.1",
              "ip_address": "192.168.101.10"
            }
          },
          "sensitive_attributes": []
        }
      ]
    },
    {
      "module": "module.head",
      "mode": "managed",
      "type": "libvirt_volume",
      "name": "ubuntu_base",
      "provider": "module.head.provider[\"registry.terraform.io/dmacvicar/libvirt\"]",
      "instances": [
        {
          "schema_version": 0,
          "attributes": {
            "base_volume_id": null,
            "base_volume_name": null,
            "base_volume_pool": null,
            "format": "qcow2",
            "id": "/home/wds/zhitai/images/ubuntu24.04-x86-64.qcow2",
            "name": "ubuntu24.04-x86-64.qcow2",
            "pool": "actor",
            "size": 26843545600,
            "source": "/home/wds/zhitai/images/ubuntu24.04-x86-64-n-avx.qcow2",
            "xml": []
          },
          "sensitive_attributes": [],
          "private": "bnVsbA=="
        }
      ]
    },
    {
      "module": "module.head",
      "mode": "managed",
      "type": "openvswitch_bridge",
      "name": "ovsbr1",
      "provider": "module.head.provider[\"i2ec.top/local/openvswitch\"]",
      "instances": [
        {
          "schema_version": 0,
          "attributes": {
            "id": "ovsbr1",
            "ip_address": "192.168.101.1/24",
            "name": "ovsbr1"
          },
          "sensitive_attributes": [],
          "private": "bnVsbA=="
        }
      ]
    },
    {
      "module": "module.worker01",
      "mode": "data",
      "type": "template_file",
      "name": "network_config",
      "provider": "provider[\"registry.terraform.io/hashicorp/template\"]",
      "instances": [
        {
          "index_key": 0,
          "schema_version": 0,
          "attributes": {
            "filename": null,
            "id": "c487239ce76631ccddd9b66c7db788f09f676c3a05a3122c831ae581d6dd39e1",
            "rendered": "network:\n  version: 2\n  ethernets:\n    ens3:\n      dhcp4: false\n      addresses:\n        - 192.168.100.10/24\n      gateway4: 192.168.100.1\n      nameservers:\n        addresses:\n          - 8.8.8.8\n          - 8.8.4.4\n",
            "template": "network:\n  version: 2\n  ethernets:\n    ens3:\n      dhcp4: false\n      addresses:\n        - ${ip_address}/24\n      gateway4: ${gateway}\n      nameservers:\n        addresses:\n          - 8.8.8.8\n          - 8.8.4.4\n",
            "vars": {
              "gateway": "192.168.100.1",
              "ip_address": "192.168.100.10"
            }
          },
          "sensitive_attributes": []
        },
        {
          "index_key": 1,
          "schema_version": 0,
          "attributes": {
            "filename": null,
            "id": "13fa3941068442a808cb499bb9f0432a1cfa79233afab3fab5b215d6149a4fcb",
            "rendered": "network:\n  version: 2\n  ethernets:\n    ens3:\n      dhcp4: false\n      addresses:\n        - 192.168.100.11/24\n      gateway4: 192.168.100.1\n      nameservers:\n        addresses:\n          - 8.8.8.8\n          - 8.8.4.4\n",
            "template": "network:\n  version: 2\n  ethernets:\n    ens3:\n      dhcp4: false\n      addresses:\n        - ${ip_address}/24\n      gateway4: ${gateway}\n      nameservers:\n        addresses:\n          - 8.8.8.8\n          - 8.8.4.4\n",
            "vars": {
              "gateway": "192.168.100.1",
              "ip_address": "192.168.100.11"
            }
          },
          "sensitive_attributes": []
        }
      ]
    },
    {
      "module": "module.worker01",
      "mode": "managed",
      "type": "libvirt_volume",
      "name": "ubuntu_base",
      "provider": "module.worker01.provider[\"registry.terraform.io/dmacvicar/libvirt\"]",
      "instances": [
        {
          "schema_version": 0,
          "attributes": {
            "base_volume_id": null,
            "base_volume_name": null,
            "base_volume_pool": null,
            "format": "qcow2",
            "id": "/home/wds/zhitai/images/ubuntu24.04-x86-64.qcow2",
            "name": "ubuntu24.04-x86-64.qcow2",
            "pool": "actor",
            "size": 26843545600,
            "source": "/home/wds/zhitai/images/ubuntu24.04-x86-64-n-avx.qcow2",
            "xml": []
          },
          "sensitive_attributes": [],
          "private": "bnVsbA=="
        }
      ]
    },
    {
      "module": "module.worker01",
      "mode": "managed",
      "type": "openvswitch_bridge",
      "name": "ovsbr0",
      "provider": "module.worker01.provider[\"i2ec.top/local/openvswitch\"]",
      "instances": [
        {
          "schema_version": 0,
          "attributes": {
            "id": "ovsbr0",
            "ip_address": "192.168.100.1/24",
            "name": "ovsbr0"
          },
          "sensitive_attributes": [],
          "private": "bnVsbA=="
        }
      ]
    }
  ],
  "check_results": null
}
