{
  "version": 4,
  "terraform_version": "1.8.3",
  "serial": 4,
  "lineage": "d63e6bd6-879c-00ff-bcc5-4ac01983a7aa",
  "outputs": {},
  "resources": [
    {
      "mode": "data",
      "type": "template_file",
      "name": "network_config",
      "provider": "provider[\"registry.terraform.io/hashicorp/template\"]",
      "instances": [
        {
          "schema_version": 0,
          "attributes": {
            "filename": null,
            "id": "49f4e650efd376e5b5d4fbc58736bb69b5e58cdd7c6f0e5af43a0cdb88e60d83",
            "rendered": "network:\n  version: 2\n  ethernets:\n    ens3:\n      dhcp4: false\n      addresses:\n        - 192.168.101.10/24\n      gateway4: 192.168.101.1\n      nameservers:\n        addresses:\n          - 8.8.8.8\n          - 8.8.4.4\n",
            "template": "network:\n  version: 2\n  ethernets:\n    ens3:\n      dhcp4: false\n      addresses:\n        - ${ip_address}/24\n      gateway4: ${gateway}\n      nameservers:\n        addresses:\n          - 8.8.8.8\n          - 8.8.4.4\n",
            "vars": {
              "gateway": "192.168.101.1",
              "ip_address": "192.168.101.10"
            }
          },
          "sensitive_attributes": []
        }
      ]
    },
    {
      "mode": "managed",
      "type": "libvirt_volume",
      "name": "ubuntu_base",
      "provider": "provider[\"registry.terraform.io/dmacvicar/libvirt\"]",
      "instances": [
        {
          "schema_version": 0,
          "attributes": {
            "base_volume_id": null,
            "base_volume_name": null,
            "base_volume_pool": null,
            "format": "qcow2",
            "id": "/home/wds/zhitai/images/ubuntu24.04-x86-64.qcow2",
            "name": "ubuntu24.04-x86-64.qcow2",
            "pool": "actor",
            "size": 26843545600,
            "source": "/home/wds/zhitai/images/ubuntu24.04-x86-64-n-avx.qcow2",
            "xml": []
          },
          "sensitive_attributes": [],
          "private": "bnVsbA=="
        }
      ]
    }
  ],
  "check_results": null
}
