{
  "version": 4,
  "terraform_version": "1.8.3",
  "serial": 41,
  "lineage": "026b812a-5ac6-1dc1-7225-6c1309288428",
  "outputs": {},
  "resources": [
    {
      "mode": "data",
      "type": "template_file",
      "name": "network_config",
      "provider": "provider[\"registry.terraform.io/hashicorp/template\"]",
      "instances": [
        {
          "index_key": 0,
          "schema_version": 0,
          "attributes": {
            "filename": null,
            "id": "c487239ce76631ccddd9b66c7db788f09f676c3a05a3122c831ae581d6dd39e1",
            "rendered": "network:\n  version: 2\n  ethernets:\n    ens3:\n      dhcp4: false\n      addresses:\n        - 192.168.100.10/24\n      gateway4: 192.168.100.1\n      nameservers:\n        addresses:\n          - 8.8.8.8\n          - 8.8.4.4\n",
            "template": "network:\n  version: 2\n  ethernets:\n    ens3:\n      dhcp4: false\n      addresses:\n        - ${ip_address}/24\n      gateway4: ${gateway}\n      nameservers:\n        addresses:\n          - 8.8.8.8\n          - 8.8.4.4\n",
            "vars": {
              "gateway": "192.168.100.1",
              "ip_address": "192.168.100.10"
            }
          },
          "sensitive_attributes": []
        },
        {
          "index_key": 1,
          "schema_version": 0,
          "attributes": {
            "filename": null,
            "id": "13fa3941068442a808cb499bb9f0432a1cfa79233afab3fab5b215d6149a4fcb",
            "rendered": "network:\n  version: 2\n  ethernets:\n    ens3:\n      dhcp4: false\n      addresses:\n        - 192.168.100.11/24\n      gateway4: 192.168.100.1\n      nameservers:\n        addresses:\n          - 8.8.8.8\n          - 8.8.4.4\n",
            "template": "network:\n  version: 2\n  ethernets:\n    ens3:\n      dhcp4: false\n      addresses:\n        - ${ip_address}/24\n      gateway4: ${gateway}\n      nameservers:\n        addresses:\n          - 8.8.8.8\n          - 8.8.4.4\n",
            "vars": {
              "gateway": "192.168.100.1",
              "ip_address": "192.168.100.11"
            }
          },
          "sensitive_attributes": []
        }
      ]
    },
    {
      "mode": "managed",
      "type": "libvirt_cloudinit_disk",
      "name": "commoninit",
      "provider": "provider[\"registry.terraform.io/dmacvicar/libvirt\"]",
      "instances": [
        {
          "index_key": 0,
          "schema_version": 0,
          "attributes": {
            "id": "/home/wds/zhitai/test/images1/worker01-commoninit-0.iso;b5809f3a-d6a9-4098-beca-2ca90d04f8f8",
            "meta_data": "",
            "name": "worker01-commoninit-0.iso",
            "network_config": "network:\n  version: 2\n  ethernets:\n    ens3:\n      dhcp4: false\n      addresses:\n        - 192.168.100.10/24\n      gateway4: 192.168.100.1\n      nameservers:\n        addresses:\n          - 8.8.8.8\n          - 8.8.4.4\n",
            "pool": "worker01-vm-storage-pool",
            "user_data": ""
          },
          "sensitive_attributes": [],
          "private": "bnVsbA==",
          "dependencies": [
            "data.template_file.network_config",
            "libvirt_pool.test_vm_storage_pool"
          ]
        },
        {
          "index_key": 1,
          "schema_version": 0,
          "attributes": {
            "id": "/home/wds/zhitai/test/images1/worker01-commoninit-1.iso;dcdc5ea7-d925-43ca-acaf-a024745cf96b",
            "meta_data": "",
            "name": "worker01-commoninit-1.iso",
            "network_config": "network:\n  version: 2\n  ethernets:\n    ens3:\n      dhcp4: false\n      addresses:\n        - 192.168.100.11/24\n      gateway4: 192.168.100.1\n      nameservers:\n        addresses:\n          - 8.8.8.8\n          - 8.8.4.4\n",
            "pool": "worker01-vm-storage-pool",
            "user_data": ""
          },
          "sensitive_attributes": [],
          "private": "bnVsbA==",
          "dependencies": [
            "data.template_file.network_config",
            "libvirt_pool.test_vm_storage_pool"
          ]
        }
      ]
    },
    {
      "mode": "managed",
      "type": "libvirt_domain",
      "name": "vm",
      "provider": "provider[\"registry.terraform.io/dmacvicar/libvirt\"]",
      "instances": [
        {
          "index_key": 0,
          "schema_version": 0,
          "attributes": {
            "arch": "x86_64",
            "autostart": false,
            "boot_device": [],
            "cloudinit": "/home/wds/zhitai/test/images1/worker01-commoninit-0.iso;b5809f3a-d6a9-4098-beca-2ca90d04f8f8",
            "cmdline": null,
            "console": [
              {
                "source_host": "127.0.0.1",
                "source_path": "",
                "source_service": "0",
                "target_port": "0",
                "target_type": "serial",
                "type": "pty"
              }
            ],
            "coreos_ignition": null,
            "cpu": [
              {
                "mode": "custom"
              }
            ],
            "description": "",
            "disk": [
              {
                "block_device": "",
                "file": "",
                "scsi": false,
                "url": "",
                "volume_id": "/home/wds/zhitai/test/images1/vm-disk-0",
                "wwn": ""
              }
            ],
            "emulator": "/usr/bin/qemu-system-x86_64",
            "filesystem": [],
            "firmware": null,
            "fw_cfg_name": "opt/com.coreos/config",
            "graphics": [
              {
                "autoport": true,
                "listen_address": "127.0.0.1",
                "listen_type": "none",
                "type": "vnc",
                "websocket": 0
              }
            ],
            "id": "7d909d45-2676-43e7-b5b0-3bf7bbeff65d",
            "initrd": "",
            "kernel": "",
            "machine": "ubuntu",
            "memory": 4096,
            "metadata": null,
            "name": "worker-vm-0",
            "network_interface": [
              {
                "addresses": [],
                "bridge": "ovsbr0",
                "hostname": "",
                "mac": "52:54:00:FA:E7:BF",
                "macvtap": "",
                "network_id": "",
                "network_name": "",
                "passthrough": "",
                "vepa": "",
                "wait_for_lease": false
              }
            ],
            "nvram": [],
            "qemu_agent": false,
            "running": true,
            "timeouts": null,
            "tpm": [],
            "vcpu": 2,
            "video": [],
            "xml": [
              {
                "xslt": "\u003c?xml version=\"1.0\" ?\u003e\n\u003cxsl:stylesheet version=\"1.0\"\n                xmlns:xsl=\"http://www.w3.org/1999/XSL/Transform\"\u003e\n  \u003cxsl:output omit-xml-declaration=\"yes\" indent=\"yes\"/\u003e\n  \u003cxsl:template match=\"node()|@*\"\u003e\n    \u003cxsl:copy\u003e\n      \u003cxsl:apply-templates select=\"node()|@*\"/\u003e\n    \u003c/xsl:copy\u003e\n  \u003c/xsl:template\u003e\n  \u003cxsl:template match=\"/domain/devices/interface[@type='bridge']\"\u003e\n    \u003cxsl:copy\u003e\n      \u003cxsl:apply-templates select=\"node()|@*\"/\u003e\n      \u003cvirtualport type=\"openvswitch\"/\u003e\n    \u003c/xsl:copy\u003e\n  \u003c/xsl:template\u003e\n\u003c/xsl:stylesheet\u003e\n"
              }
            ]
          },
          "sensitive_attributes": [],
          "private": "eyJlMmJmYjczMC1lY2FhLTExZTYtOGY4OC0zNDM2M2JjN2M0YzAiOnsiY3JlYXRlIjozMDAwMDAwMDAwMDB9fQ==",
          "dependencies": [
            "data.template_file.network_config",
            "libvirt_cloudinit_disk.commoninit",
            "libvirt_network.ovs_network",
            "libvirt_pool.test_vm_storage_pool",
            "libvirt_volume.ubuntu_base",
            "libvirt_volume.vm_disk"
          ]
        },
        {
          "index_key": 1,
          "schema_version": 0,
          "attributes": {
            "arch": "x86_64",
            "autostart": false,
            "boot_device": [],
            "cloudinit": "/home/wds/zhitai/test/images1/worker01-commoninit-1.iso;dcdc5ea7-d925-43ca-acaf-a024745cf96b",
            "cmdline": null,
            "console": [
              {
                "source_host": "127.0.0.1",
                "source_path": "",
                "source_service": "0",
                "target_port": "0",
                "target_type": "serial",
                "type": "pty"
              }
            ],
            "coreos_ignition": null,
            "cpu": [
              {
                "mode": "custom"
              }
            ],
            "description": "",
            "disk": [
              {
                "block_device": "",
                "file": "",
                "scsi": false,
                "url": "",
                "volume_id": "/home/wds/zhitai/test/images1/vm-disk-1",
                "wwn": ""
              }
            ],
            "emulator": "/usr/bin/qemu-system-x86_64",
            "filesystem": [],
            "firmware": null,
            "fw_cfg_name": "opt/com.coreos/config",
            "graphics": [
              {
                "autoport": true,
                "listen_address": "127.0.0.1",
                "listen_type": "none",
                "type": "vnc",
                "websocket": 0
              }
            ],
            "id": "88375124-ec0d-4bd5-85db-1365474115fb",
            "initrd": "",
            "kernel": "",
            "machine": "ubuntu",
            "memory": 4096,
            "metadata": null,
            "name": "worker-vm-1",
            "network_interface": [
              {
                "addresses": [],
                "bridge": "ovsbr0",
                "hostname": "",
                "mac": "52:54:00:2E:8A:0B",
                "macvtap": "",
                "network_id": "",
                "network_name": "",
                "passthrough": "",
                "vepa": "",
                "wait_for_lease": false
              }
            ],
            "nvram": [],
            "qemu_agent": false,
            "running": true,
            "timeouts": null,
            "tpm": [],
            "vcpu": 2,
            "video": [],
            "xml": [
              {
                "xslt": "\u003c?xml version=\"1.0\" ?\u003e\n\u003cxsl:stylesheet version=\"1.0\"\n                xmlns:xsl=\"http://www.w3.org/1999/XSL/Transform\"\u003e\n  \u003cxsl:output omit-xml-declaration=\"yes\" indent=\"yes\"/\u003e\n  \u003cxsl:template match=\"node()|@*\"\u003e\n    \u003cxsl:copy\u003e\n      \u003cxsl:apply-templates select=\"node()|@*\"/\u003e\n    \u003c/xsl:copy\u003e\n  \u003c/xsl:template\u003e\n  \u003cxsl:template match=\"/domain/devices/interface[@type='bridge']\"\u003e\n    \u003cxsl:copy\u003e\n      \u003cxsl:apply-templates select=\"node()|@*\"/\u003e\n      \u003cvirtualport type=\"openvswitch\"/\u003e\n    \u003c/xsl:copy\u003e\n  \u003c/xsl:template\u003e\n\u003c/xsl:stylesheet\u003e\n"
              }
            ]
          },
          "sensitive_attributes": [],
          "private": "eyJlMmJmYjczMC1lY2FhLTExZTYtOGY4OC0zNDM2M2JjN2M0YzAiOnsiY3JlYXRlIjozMDAwMDAwMDAwMDB9fQ==",
          "dependencies": [
            "data.template_file.network_config",
            "libvirt_cloudinit_disk.commoninit",
            "libvirt_network.ovs_network",
            "libvirt_pool.test_vm_storage_pool",
            "libvirt_volume.ubuntu_base",
            "libvirt_volume.vm_disk"
          ]
        }
      ]
    },
    {
      "mode": "managed",
      "type": "libvirt_network",
      "name": "ovs_network",
      "provider": "provider[\"registry.terraform.io/dmacvicar/libvirt\"]",
      "instances": [
        {
          "schema_version": 0,
          "attributes": {
            "addresses": null,
            "autostart": true,
            "bridge": "ovsbr0",
            "dhcp": [],
            "dns": [],
            "dnsmasq_options": [],
            "domain": null,
            "id": "e79bf06e-0234-4850-a994-d421a299fa9d",
            "mode": "bridge",
            "mtu": null,
            "name": "worker01-network",
            "routes": [],
            "xml": []
          },
          "sensitive_attributes": [],
          "private": "bnVsbA=="
        }
      ]
    },
    {
      "mode": "managed",
      "type": "libvirt_pool",
      "name": "test_vm_storage_pool",
      "provider": "provider[\"registry.terraform.io/dmacvicar/libvirt\"]",
      "instances": [
        {
          "schema_version": 0,
          "attributes": {
            "allocation": 108428681216,
            "available": 403681505280,
            "capacity": 512110186496,
            "id": "22e8072c-8a7d-4aac-84e6-0423f3e63bee",
            "name": "worker01-vm-storage-pool",
            "path": "/home/wds/zhitai/test/images1",
            "type": "dir",
            "xml": []
          },
          "sensitive_attributes": [],
          "private": "bnVsbA=="
        }
      ]
    },
    {
      "mode": "managed",
      "type": "libvirt_volume",
      "name": "ubuntu_base",
      "provider": "provider[\"registry.terraform.io/dmacvicar/libvirt\"]",
      "instances": [
        {
          "schema_version": 0,
          "attributes": {
            "base_volume_id": null,
            "base_volume_name": null,
            "base_volume_pool": null,
            "format": "qcow2",
            "id": "/home/wds/zhitai/images/ubuntu24.04-x86-64.qcow2",
            "name": "ubuntu24.04-x86-64.qcow2",
            "pool": "actor",
            "size": 26843545600,
            "source": "/home/wds/zhitai/images/ubuntu24.04-x86-64-n-avx.qcow2",
            "xml": []
          },
          "sensitive_attributes": [],
          "private": "bnVsbA=="
        }
      ]
    },
    {
      "mode": "managed",
      "type": "libvirt_volume",
      "name": "vm_disk",
      "provider": "provider[\"registry.terraform.io/dmacvicar/libvirt\"]",
      "instances": [
        {
          "index_key": 0,
          "schema_version": 0,
          "attributes": {
            "base_volume_id": "/home/wds/zhitai/images/ubuntu24.04-x86-64.qcow2",
            "base_volume_name": null,
            "base_volume_pool": null,
            "format": "qcow2",
            "id": "/home/wds/zhitai/test/images1/vm-disk-0",
            "name": "vm-disk-0",
            "pool": "worker01-vm-storage-pool",
            "size": 26843545600,
            "source": null,
            "xml": []
          },
          "sensitive_attributes": [],
          "private": "bnVsbA==",
          "dependencies": [
            "libvirt_pool.test_vm_storage_pool",
            "libvirt_volume.ubuntu_base"
          ]
        },
        {
          "index_key": 1,
          "schema_version": 0,
          "attributes": {
            "base_volume_id": "/home/wds/zhitai/images/ubuntu24.04-x86-64.qcow2",
            "base_volume_name": null,
            "base_volume_pool": null,
            "format": "qcow2",
            "id": "/home/wds/zhitai/test/images1/vm-disk-1",
            "name": "vm-disk-1",
            "pool": "worker01-vm-storage-pool",
            "size": 26843545600,
            "source": null,
            "xml": []
          },
          "sensitive_attributes": [],
          "private": "bnVsbA==",
          "dependencies": [
            "libvirt_pool.test_vm_storage_pool",
            "libvirt_volume.ubuntu_base"
          ]
        }
      ]
    },
    {
      "mode": "managed",
      "type": "null_resource",
      "name": "activate_actor",
      "provider": "provider[\"registry.terraform.io/hashicorp/null\"]",
      "instances": [
        {
          "index_key": 0,
          "status": "tainted",
          "schema_version": 0,
          "attributes": {
            "id": "500163395841281682",
            "triggers": null
          },
          "sensitive_attributes": [],
          "dependencies": [
            "data.template_file.network_config",
            "libvirt_cloudinit_disk.commoninit",
            "libvirt_domain.vm",
            "libvirt_network.ovs_network",
            "libvirt_pool.test_vm_storage_pool",
            "libvirt_volume.ubuntu_base",
            "libvirt_volume.vm_disk"
          ]
        },
        {
          "index_key": 1,
          "status": "tainted",
          "schema_version": 0,
          "attributes": {
            "id": "249278848063382358",
            "triggers": null
          },
          "sensitive_attributes": [],
          "dependencies": [
            "data.template_file.network_config",
            "libvirt_cloudinit_disk.commoninit",
            "libvirt_domain.vm",
            "libvirt_network.ovs_network",
            "libvirt_pool.test_vm_storage_pool",
            "libvirt_volume.ubuntu_base",
            "libvirt_volume.vm_disk"
          ]
        }
      ]
    }
  ],
  "check_results": null
}
